
Microsoft Visual Studio Solution File, Format Version 12.00
# Visual Studio Version 17
VisualStudioVersion = 17.11.35327.3
MinimumVisualStudioVersion = 10.0.40219.1
Project("{FAE04EC0-301F-11D3-BF4B-00C04F79EFBC}") = "Home_Array", "Home_Array\Home_Array.csproj", "{FB07F9ED-C6C5-446E-B596-7DEC7391564B}"
EndProject
Global
	GlobalSection(SolutionConfigurationPlatforms) = preSolution
		Debug|Any CPU = Debug|Any CPU
		Release|Any CPU = Release|Any CPU
	EndGlobalSection
	GlobalSection(ProjectConfigurationPlatforms) = postSolution
		{FB07F9ED-C6C5-446E-B596-7DEC7391564B}.Debug|Any CPU.ActiveCfg = Debug|Any CPU
		{FB07F9ED-C6C5-446E-B596-7DEC7391564B}.Debug|Any CPU.Build.0 = Debug|Any CPU
		{FB07F9ED-C6C5-446E-B596-7DEC7391564B}.Release|Any CPU.ActiveCfg = Release|Any CPU
		{FB07F9ED-C6C5-446E-B596-7DEC7391564B}.Release|Any CPU.Build.0 = Release|Any CPU
	EndGlobalSection
	GlobalSection(SolutionProperties) = preSolution
		HideSolutionNode = FALSE
	EndGlobalSection
	GlobalSection(ExtensibilityGlobals) = postSolution
		SolutionGuid = {3609D666-10D8-4820-9EA3-352659D586C0}
	EndGlobalSection
EndGlobal
